PODS:
  - OMGHTTPURLRQ (2.1):
    - OMGHTTPURLRQ/RQ (= 2.1)
  - OMGHTTPURLRQ/FormURLEncode (2.1)
  - OMGHTTPURLRQ/RQ (2.1):
    - OMGHTTPURLRQ/FormURLEncode
    - OMGHTTPURLRQ/UserAgent
  - OMGHTTPURLRQ/UserAgent (2.1)
  - PromiseKit (1.2.2):
    - PromiseKit/CALayer (= 1.2.2)
    - PromiseKit/NSNotificationCenter (= 1.2.2)
    - PromiseKit/NSURLConnection (= 1.2.2)
    - PromiseKit/Pause (= 1.2.2)
    - PromiseKit/UIActionSheet (= 1.2.2)
    - PromiseKit/UIAlertView (= 1.2.2)
    - PromiseKit/UIView (= 1.2.2)
    - PromiseKit/UIViewController (= 1.2.2)
    - PromiseKit/Until (= 1.2.2)
    - PromiseKit/When (= 1.2.2)
  - PromiseKit/CALayer (1.2.2):
    - PromiseKit/Promise
  - PromiseKit/NSNotificationCenter (1.2.2):
    - PromiseKit/Promise
  - PromiseKit/NSURLConnection (1.2.2):
    - OMGHTTPURLRQ
    - PromiseKit/Promise
  - PromiseKit/Pause (1.2.2):
    - PromiseKit/Promise
  - PromiseKit/Promise (1.2.2)
  - PromiseKit/UIActionSheet (1.2.2):
    - PromiseKit/Promise
  - PromiseKit/UIAlertView (1.2.2):
    - PromiseKit/Promise
  - PromiseKit/UIView (1.2.2):
    - PromiseKit/Promise
  - PromiseKit/UIViewController (1.2.2):
    - PromiseKit/Promise
  - PromiseKit/Until (1.2.2):
    - PromiseKit/Promise
    - PromiseKit/When
  - PromiseKit/When (1.2.2):
    - PromiseKit/Promise

DEPENDENCIES:
  - PromiseKit

SPEC CHECKSUMS:
  OMGHTTPURLRQ: f8c515dfd2f57a5d74c710978f600231f52afec5
  PromiseKit: 812643bdf837142e98d4becfb2a69d8f35e5aa6b

COCOAPODS: 0.35.0
