// !$*UTF8*$!
{
	archiveVersion = 1;
	classes = {
	};
	objectVersion = 46;
	objects = {

/* Begin PBXBuildFile section */
		F1548CE31A7D2EF400286AE1 /* BusStatusItem.m in Sources */ = {isa = PBXBuildFile; fileRef = F1548CE21A7D2EF400286AE1 /* BusStatusItem.m */; };
		F1548CE51A7D57C300286AE1 /* BusStatusCell.xib in Resources */ = {isa = PBXBuildFile; fileRef = F1548CE41A7D57C300286AE1 /* BusStatusCell.xib */; };
		F1548CE81A7D643A00286AE1 /* BusCellView.m in Sources */ = {isa = PBXBuildFile; fileRef = F1548CE71A7D643A00286AE1 /* BusCellView.m */; };
		F19908141A7D267000928402 /* AppDelegate.m in Sources */ = {isa = PBXBuildFile; fileRef = F19908131A7D267000928402 /* AppDelegate.m */; };
		F19908161A7D267000928402 /* main.m in Sources */ = {isa = PBXBuildFile; fileRef = F19908151A7D267000928402 /* main.m */; };
		F19908181A7D267000928402 /* Images.xcassets in Resources */ = {isa = PBXBuildFile; fileRef = F19908171A7D267000928402 /* Images.xcassets */; };
		F199081B1A7D267000928402 /* MainMenu.xib in Resources */ = {isa = PBXBuildFile; fileRef = F19908191A7D267000928402 /* MainMenu.xib */; };
		F19908271A7D267000928402 /* ggrtTests.m in Sources */ = {isa = PBXBuildFile; fileRef = F19908261A7D267000928402 /* ggrtTests.m */; };
/* End PBXBuildFile section */

/* Begin PBXContainerItemProxy section */
		F19908211A7D267000928402 /* PBXContainerItemProxy */ = {
			isa = PBXContainerItemProxy;
			containerPortal = F19908051A7D266F00928402 /* Project object */;
			proxyType = 1;
			remoteGlobalIDString = F199080C1A7D266F00928402;
			remoteInfo = ggrt;
		};
/* End PBXContainerItemProxy section */

/* Begin PBXFileReference section */
		F1548CE11A7D2EF400286AE1 /* BusStatusItem.h */ = {isa = PBXFileReference; fileEncoding = 4; lastKnownFileType = sourcecode.c.h; path = BusStatusItem.h; sourceTree = "<group>"; };
		F1548CE21A7D2EF400286AE1 /* BusStatusItem.m */ = {isa = PBXFileReference; fileEncoding = 4; lastKnownFileType = sourcecode.c.objc; path = BusStatusItem.m; sourceTree = "<group>"; };
		F1548CE41A7D57C300286AE1 /* BusStatusCell.xib */ = {isa = PBXFileReference; fileEncoding = 4; lastKnownFileType = file.xib; path = BusStatusCell.xib; sourceTree = "<group>"; };
		F1548CE61A7D643A00286AE1 /* BusCellView.h */ = {isa = PBXFileReference; fileEncoding = 4; lastKnownFileType = sourcecode.c.h; path = BusCellView.h; sourceTree = "<group>"; };
		F1548CE71A7D643A00286AE1 /* BusCellView.m */ = {isa = PBXFileReference; fileEncoding = 4; lastKnownFileType = sourcecode.c.objc; path = BusCellView.m; sourceTree = "<group>"; };
		F199080D1A7D267000928402 /* ggrt.app */ = {isa = PBXFileReference; explicitFileType = wrapper.application; includeInIndex = 0; path = ggrt.app; sourceTree = BUILT_PRODUCTS_DIR; };
		F19908111A7D267000928402 /* Info.plist */ = {isa = PBXFileReference; lastKnownFileType = text.plist.xml; path = Info.plist; sourceTree = "<group>"; };
		F19908121A7D267000928402 /* AppDelegate.h */ = {isa = PBXFileReference; lastKnownFileType = sourcecode.c.h; path = AppDelegate.h; sourceTree = "<group>"; };
		F19908131A7D267000928402 /* AppDelegate.m */ = {isa = PBXFileReference; lastKnownFileType = sourcecode.c.objc; path = AppDelegate.m; sourceTree = "<group>"; };
		F19908151A7D267000928402 /* main.m */ = {isa = PBXFileReference; lastKnownFileType = sourcecode.c.objc; path = main.m; sourceTree = "<group>"; };
		F19908171A7D267000928402 /* Images.xcassets */ = {isa = PBXFileReference; lastKnownFileType = folder.assetcatalog; path = Images.xcassets; sourceTree = "<group>"; };
		F199081A1A7D267000928402 /* Base */ = {isa = PBXFileReference; lastKnownFileType = file.xib; name = Base; path = Base.lproj/MainMenu.xib; sourceTree = "<group>"; };
		F19908201A7D267000928402 /* ggrtTests.xctest */ = {isa = PBXFileReference; explicitFileType = wrapper.cfbundle; includeInIndex = 0; path = ggrtTests.xctest; sourceTree = BUILT_PRODUCTS_DIR; };
		F19908251A7D267000928402 /* Info.plist */ = {isa = PBXFileReference; lastKnownFileType = text.plist.xml; path = Info.plist; sourceTree = "<group>"; };
		F19908261A7D267000928402 /* ggrtTests.m */ = {isa = PBXFileReference; lastKnownFileType = sourcecode.c.objc; path = ggrtTests.m; sourceTree = "<group>"; };
/* End PBXFileReference section */

/* Begin PBXFrameworksBuildPhase section */
		F199080A1A7D266F00928402 /* Frameworks */ = {
			isa = PBXFrameworksBuildPhase;
			buildActionMask = 2147483647;
			files = (
			);
			runOnlyForDeploymentPostprocessing = 0;
		};
		F199081D1A7D267000928402 /* Frameworks */ = {
			isa = PBXFrameworksBuildPhase;
			buildActionMask = 2147483647;
			files = (
			);
			runOnlyForDeploymentPostprocessing = 0;
		};
/* End PBXFrameworksBuildPhase section */

/* Begin PBXGroup section */
		F19908041A7D266F00928402 = {
			isa = PBXGroup;
			children = (
				F199080F1A7D267000928402 /* ggrt */,
				F19908231A7D267000928402 /* ggrtTests */,
				F199080E1A7D267000928402 /* Products */,
			);
			sourceTree = "<group>";
		};
		F199080E1A7D267000928402 /* Products */ = {
			isa = PBXGroup;
			children = (
				F199080D1A7D267000928402 /* ggrt.app */,
				F19908201A7D267000928402 /* ggrtTests.xctest */,
			);
			name = Products;
			sourceTree = "<group>";
		};
		F199080F1A7D267000928402 /* ggrt */ = {
			isa = PBXGroup;
			children = (
				F19908121A7D267000928402 /* AppDelegate.h */,
				F19908131A7D267000928402 /* AppDelegate.m */,
				F1548CE11A7D2EF400286AE1 /* BusStatusItem.h */,
				F1548CE21A7D2EF400286AE1 /* BusStatusItem.m */,
				F1548CE61A7D643A00286AE1 /* BusCellView.h */,
				F1548CE71A7D643A00286AE1 /* BusCellView.m */,
				F19908171A7D267000928402 /* Images.xcassets */,
				F19908191A7D267000928402 /* MainMenu.xib */,
				F1548CE41A7D57C300286AE1 /* BusStatusCell.xib */,
				F19908101A7D267000928402 /* Supporting Files */,
			);
			path = ggrt;
			sourceTree = "<group>";
		};
		F19908101A7D267000928402 /* Supporting Files */ = {
			isa = PBXGroup;
			children = (
				F19908111A7D267000928402 /* Info.plist */,
				F19908151A7D267000928402 /* main.m */,
			);
			name = "Supporting Files";
			sourceTree = "<group>";
		};
		F19908231A7D267000928402 /* ggrtTests */ = {
			isa = PBXGroup;
			children = (
				F19908261A7D267000928402 /* ggrtTests.m */,
				F19908241A7D267000928402 /* Supporting Files */,
			);
			path = ggrtTests;
			sourceTree = "<group>";
		};
		F19908241A7D267000928402 /* Supporting Files */ = {
			isa = PBXGroup;
			children = (
				F19908251A7D267000928402 /* Info.plist */,
			);
			name = "Supporting Files";
			sourceTree = "<group>";
		};
/* End PBXGroup section */

/* Begin PBXNativeTarget section */
		F199080C1A7D266F00928402 /* ggrt */ = {
			isa = PBXNativeTarget;
			buildConfigurationList = F199082A1A7D267000928402 /* Build configuration list for PBXNativeTarget "ggrt" */;
			buildPhases = (
				F19908091A7D266F00928402 /* Sources */,
				F199080A1A7D266F00928402 /* Frameworks */,
				F199080B1A7D266F00928402 /* Resources */,
			);
			buildRules = (
			);
			dependencies = (
			);
			name = ggrt;
			productName = ggrt;
			productReference = F199080D1A7D267000928402 /* ggrt.app */;
			productType = "com.apple.product-type.application";
		};
		F199081F1A7D267000928402 /* ggrtTests */ = {
			isa = PBXNativeTarget;
			buildConfigurationList = F199082D1A7D267000928402 /* Build configuration list for PBXNativeTarget "ggrtTests" */;
			buildPhases = (
				F199081C1A7D267000928402 /* Sources */,
				F199081D1A7D267000928402 /* Frameworks */,
				F199081E1A7D267000928402 /* Resources */,
			);
			buildRules = (
			);
			dependencies = (
				F19908221A7D267000928402 /* PBXTargetDependency */,
			);
			name = ggrtTests;
			productName = ggrtTests;
			productReference = F19908201A7D267000928402 /* ggrtTests.xctest */;
			productType = "com.apple.product-type.bundle.unit-test";
		};
/* End PBXNativeTarget section */

/* Begin PBXProject section */
		F19908051A7D266F00928402 /* Project object */ = {
			isa = PBXProject;
			attributes = {
				LastUpgradeCheck = 0610;
				ORGANIZATIONNAME = "Jerry Yu";
				TargetAttributes = {
					F199080C1A7D266F00928402 = {
						CreatedOnToolsVersion = 6.1.1;
					};
					F199081F1A7D267000928402 = {
						CreatedOnToolsVersion = 6.1.1;
						TestTargetID = F199080C1A7D266F00928402;
					};
				};
			};
			buildConfigurationList = F19908081A7D266F00928402 /* Build configuration list for PBXProject "ggrt" */;
			compatibilityVersion = "Xcode 3.2";
			developmentRegion = English;
			hasScannedForEncodings = 0;
			knownRegions = (
				en,
				Base,
			);
			mainGroup = F19908041A7D266F00928402;
			productRefGroup = F199080E1A7D267000928402 /* Products */;
			projectDirPath = "";
			projectRoot = "";
			targets = (
				F199080C1A7D266F00928402 /* ggrt */,
				F199081F1A7D267000928402 /* ggrtTests */,
			);
		};
/* End PBXProject section */

/* Begin PBXResourcesBuildPhase section */
		F199080B1A7D266F00928402 /* Resources */ = {
			isa = PBXResourcesBuildPhase;
			buildActionMask = 2147483647;
			files = (
				F19908181A7D267000928402 /* Images.xcassets in Resources */,
				F199081B1A7D267000928402 /* MainMenu.xib in Resources */,
				F1548CE51A7D57C300286AE1 /* BusStatusCell.xib in Resources */,
			);
			runOnlyForDeploymentPostprocessing = 0;
		};
		F199081E1A7D267000928402 /* Resources */ = {
			isa = PBXResourcesBuildPhase;
			buildActionMask = 2147483647;
			files = (
			);
			runOnlyForDeploymentPostprocessing = 0;
		};
/* End PBXResourcesBuildPhase section */

/* Begin PBXSourcesBuildPhase section */
		F19908091A7D266F00928402 /* Sources */ = {
			isa = PBXSourcesBuildPhase;
			buildActionMask = 2147483647;
			files = (
				F19908161A7D267000928402 /* main.m in Sources */,
				F1548CE81A7D643A00286AE1 /* BusCellView.m in Sources */,
				F1548CE31A7D2EF400286AE1 /* BusStatusItem.m in Sources */,
				F19908141A7D267000928402 /* AppDelegate.m in Sources */,
			);
			runOnlyForDeploymentPostprocessing = 0;
		};
		F199081C1A7D267000928402 /* Sources */ = {
			isa = PBXSourcesBuildPhase;
			buildActionMask = 2147483647;
			files = (
				F19908271A7D267000928402 /* ggrtTests.m in Sources */,
			);
			runOnlyForDeploymentPostprocessing = 0;
		};
/* End PBXSourcesBuildPhase section */

/* Begin PBXTargetDependency section */
		F19908221A7D267000928402 /* PBXTargetDependency */ = {
			isa = PBXTargetDependency;
			target = F199080C1A7D266F00928402 /* ggrt */;
			targetProxy = F19908211A7D267000928402 /* PBXContainerItemProxy */;
		};
/* End PBXTargetDependency section */

/* Begin PBXVariantGroup section */
		F19908191A7D267000928402 /* MainMenu.xib */ = {
			isa = PBXVariantGroup;
			children = (
				F199081A1A7D267000928402 /* Base */,
			);
			name = MainMenu.xib;
			sourceTree = "<group>";
		};
/* End PBXVariantGroup section */

/* Begin XCBuildConfiguration section */
		F19908281A7D267000928402 /* Debug */ = {
			isa = XCBuildConfiguration;
			buildSettings = {
				ALWAYS_SEARCH_USER_PATHS = NO;
				CLANG_CXX_LANGUAGE_STANDARD = "gnu++0x";
				CLANG_CXX_LIBRARY = "libc++";
				CLANG_ENABLE_MODULES = YES;
				CLANG_ENABLE_OBJC_ARC = YES;
				CLANG_WARN_BOOL_CONVERSION = YES;
				CLANG_WARN_CONSTANT_CONVERSION = YES;
				CLANG_WARN_DIRECT_OBJC_ISA_USAGE = YES_ERROR;
				CLANG_WARN_EMPTY_BODY = YES;
				CLANG_WARN_ENUM_CONVERSION = YES;
				CLANG_WARN_INT_CONVERSION = YES;
				CLANG_WARN_OBJC_ROOT_CLASS = YES_ERROR;
				CLANG_WARN_UNREACHABLE_CODE = YES;
				CLANG_WARN__DUPLICATE_METHOD_MATCH = YES;
				CODE_SIGN_IDENTITY = "-";
				COPY_PHASE_STRIP = NO;
				ENABLE_STRICT_OBJC_MSGSEND = YES;
				GCC_C_LANGUAGE_STANDARD = gnu99;
				GCC_DYNAMIC_NO_PIC = NO;
				GCC_OPTIMIZATION_LEVEL = 0;
				GCC_PREPROCESSOR_DEFINITIONS = (
					"DEBUG=1",
					"$(inherited)",
				);
				GCC_SYMBOLS_PRIVATE_EXTERN = NO;
				GCC_WARN_64_TO_32_BIT_CONVERSION = YES;
				GCC_WARN_ABOUT_RETURN_TYPE = YES_ERROR;
				GCC_WARN_UNDECLARED_SELECTOR = YES;
				GCC_WARN_UNINITIALIZED_AUTOS = YES_AGGRESSIVE;
				GCC_WARN_UNUSED_FUNCTION = YES;
				GCC_WARN_UNUSED_VARIABLE = YES;
				MACOSX_DEPLOYMENT_TARGET = 10.10;
				MTL_ENABLE_DEBUG_INFO = YES;
				ONLY_ACTIVE_ARCH = YES;
				SDKROOT = macosx;
			};
			name = Debug;
		};
		F19908291A7D267000928402 /* Release */ = {
			isa = XCBuildConfiguration;
			buildSettings = {
				ALWAYS_SEARCH_USER_PATHS = NO;
				CLANG_CXX_LANGUAGE_STANDARD = "gnu++0x";
				CLANG_CXX_LIBRARY = "libc++";
				CLANG_ENABLE_MODULES = YES;
				CLANG_ENABLE_OBJC_ARC = YES;
				CLANG_WARN_BOOL_CONVERSION = YES;
				CLANG_WARN_CONSTANT_CONVERSION = YES;
				CLANG_WARN_DIRECT_OBJC_ISA_USAGE = YES_ERROR;
				CLANG_WARN_EMPTY_BODY = YES;
				CLANG_WARN_ENUM_CONVERSION = YES;
				CLANG_WARN_INT_CONVERSION = YES;
				CLANG_WARN_OBJC_ROOT_CLASS = YES_ERROR;
				CLANG_WARN_UNREACHABLE_CODE = YES;
				CLANG_WARN__DUPLICATE_METHOD_MATCH = YES;
				CODE_SIGN_IDENTITY = "-";
				COPY_PHASE_STRIP = YES;
				DEBUG_INFORMATION_FORMAT = "dwarf-with-dsym";
				ENABLE_NS_ASSERTIONS = NO;
				ENABLE_STRICT_OBJC_MSGSEND = YES;
				GCC_C_LANGUAGE_STANDARD = gnu99;
				GCC_WARN_64_TO_32_BIT_CONVERSION = YES;
				GCC_WARN_ABOUT_RETURN_TYPE = YES_ERROR;
				GCC_WARN_UNDECLARED_SELECTOR = YES;
				GCC_WARN_UNINITIALIZED_AUTOS = YES_AGGRESSIVE;
				GCC_WARN_UNUSED_FUNCTION = YES;
				GCC_WARN_UNUSED_VARIABLE = YES;
				MACOSX_DEPLOYMENT_TARGET = 10.10;
				MTL_ENABLE_DEBUG_INFO = NO;
				SDKROOT = macosx;
			};
			name = Release;
		};
		F199082B1A7D267000928402 /* Debug */ = {
			isa = XCBuildConfiguration;
			buildSettings = {
				ASSETCATALOG_COMPILER_APPICON_NAME = AppIcon;
				COMBINE_HIDPI_IMAGES = YES;
				INFOPLIST_FILE = ggrt/Info.plist;
				LD_RUNPATH_SEARCH_PATHS = "$(inherited) @executable_path/../Frameworks";
				PRODUCT_NAME = "$(TARGET_NAME)";
			};
			name = Debug;
		};
		F199082C1A7D267000928402 /* Release */ = {
			isa = XCBuildConfiguration;
			buildSettings = {
				ASSETCATALOG_COMPILER_APPICON_NAME = AppIcon;
				COMBINE_HIDPI_IMAGES = YES;
				INFOPLIST_FILE = ggrt/Info.plist;
				LD_RUNPATH_SEARCH_PATHS = "$(inherited) @executable_path/../Frameworks";
				PRODUCT_NAME = "$(TARGET_NAME)";
			};
			name = Release;
		};
		F199082E1A7D267000928402 /* Debug */ = {
			isa = XCBuildConfiguration;
			buildSettings = {
				BUNDLE_LOADER = "$(TEST_HOST)";
				COMBINE_HIDPI_IMAGES = YES;
				FRAMEWORK_SEARCH_PATHS = (
					"$(DEVELOPER_FRAMEWORKS_DIR)",
					"$(inherited)",
				);
				GCC_PREPROCESSOR_DEFINITIONS = (
					"DEBUG=1",
					"$(inherited)",
				);
				INFOPLIST_FILE = ggrtTests/Info.plist;
				LD_RUNPATH_SEARCH_PATHS = "$(inherited) @executable_path/../Frameworks @loader_path/../Frameworks";
				PRODUCT_NAME = "$(TARGET_NAME)";
				TEST_HOST = "$(BUILT_PRODUCTS_DIR)/ggrt.app/Contents/MacOS/ggrt";
			};
			name = Debug;
		};
		F199082F1A7D267000928402 /* Release */ = {
			isa = XCBuildConfiguration;
			buildSettings = {
				BUNDLE_LOADER = "$(TEST_HOST)";
				COMBINE_HIDPI_IMAGES = YES;
				FRAMEWORK_SEARCH_PATHS = (
					"$(DEVELOPER_FRAMEWORKS_DIR)",
					"$(inherited)",
				);
				INFOPLIST_FILE = ggrtTests/Info.plist;
				LD_RUNPATH_SEARCH_PATHS = "$(inherited) @executable_path/../Frameworks @loader_path/../Frameworks";
				PRODUCT_NAME = "$(TARGET_NAME)";
				TEST_HOST = "$(BUILT_PRODUCTS_DIR)/ggrt.app/Contents/MacOS/ggrt";
			};
			name = Release;
		};
/* End XCBuildConfiguration section */

/* Begin XCConfigurationList section */
		F19908081A7D266F00928402 /* Build configuration list for PBXProject "ggrt" */ = {
			isa = XCConfigurationList;
			buildConfigurations = (
				F19908281A7D267000928402 /* Debug */,
				F19908291A7D267000928402 /* Release */,
			);
			defaultConfigurationIsVisible = 0;
			defaultConfigurationName = Release;
		};
		F199082A1A7D267000928402 /* Build configuration list for PBXNativeTarget "ggrt" */ = {
			isa = XCConfigurationList;
			buildConfigurations = (
				F199082B1A7D267000928402 /* Debug */,
				F199082C1A7D267000928402 /* Release */,
			);
			defaultConfigurationIsVisible = 0;
			defaultConfigurationName = Release;
		};
		F199082D1A7D267000928402 /* Build configuration list for PBXNativeTarget "ggrtTests" */ = {
			isa = XCConfigurationList;
			buildConfigurations = (
				F199082E1A7D267000928402 /* Debug */,
				F199082F1A7D267000928402 /* Release */,
			);
			defaultConfigurationIsVisible = 0;
			defaultConfigurationName = Release;
		};
/* End XCConfigurationList section */
	};
	rootObject = F19908051A7D266F00928402 /* Project object */;
}
